
Microsoft Visual Studio Solution File, Format Version 12.00
# Visual Studio 14
VisualStudioVersion = 14.0.24720.0
MinimumVisualStudioVersion = 10.0.40219.1
Project("{2150E333-8FDC-42A3-9474-1A3956D46DE8}") = "Controls", "Controls", "{FF5E6CDC-52FB-4960-A978-9D982F40730D}"
EndProject
Project("{FAE04EC0-301F-11D3-BF4B-00C04F79EFBC}") = "FormsControls.Base", "..\Lib\FormsControls.Base\FormsControls.Base.csproj", "{453B182A-A11B-41B8-AB06-F90E5C0FD967}"
EndProject
Project("{FAE04EC0-301F-11D3-BF4B-00C04F79EFBC}") = "Sample.Droid", "Sample.Droid\Sample.Droid.csproj", "{718C682B-4B7B-4C12-A2DE-2E0406A6B91B}"
EndProject
Project("{FAE04EC0-301F-11D3-BF4B-00C04F79EFBC}") = "Sample.iOS", "Sample.iOS\Sample.iOS.csproj", "{CB4B996F-004D-4985-BEE0-2C79FD702D49}"
EndProject
Project("{FAE04EC0-301F-11D3-BF4B-00C04F79EFBC}") = "Sample", "Sample.Base\Sample.csproj", "{D7DB030E-E539-4F9A-8AE9-0D167634E4BA}"
EndProject
Project("{FAE04EC0-301F-11D3-BF4B-00C04F79EFBC}") = "FormsControls.Droid", "..\Lib\FormsControls.Droid\FormsControls.Droid.csproj", "{2E135E3C-E516-45C5-91F2-F42B13EF0F5F}"
EndProject
Project("{FAE04EC0-301F-11D3-BF4B-00C04F79EFBC}") = "FormsControls.Touch", "..\Lib\FormsControls.Touch\FormsControls.Touch.csproj", "{B73A9C90-1DF1-49FA-9DCE-331DB24FA383}"
EndProject
Global
	GlobalSection(SolutionConfigurationPlatforms) = preSolution
		Debug|Any CPU = Debug|Any CPU
		Debug|iPhone = Debug|iPhone
		Debug|iPhoneSimulator = Debug|iPhoneSimulator
		Design|Any CPU = Design|Any CPU
		Design|iPhone = Design|iPhone
		Design|iPhoneSimulator = Design|iPhoneSimulator
		Release|Any CPU = Release|Any CPU
		Release|iPhone = Release|iPhone
		Release|iPhoneSimulator = Release|iPhoneSimulator
	EndGlobalSection
	GlobalSection(ProjectConfigurationPlatforms) = postSolution
		{453B182A-A11B-41B8-AB06-F90E5C0FD967}.Debug|Any CPU.ActiveCfg = Debug|Any CPU
		{453B182A-A11B-41B8-AB06-F90E5C0FD967}.Debug|Any CPU.Build.0 = Debug|Any CPU
		{453B182A-A11B-41B8-AB06-F90E5C0FD967}.Debug|iPhone.ActiveCfg = Debug|Any CPU
		{453B182A-A11B-41B8-AB06-F90E5C0FD967}.Debug|iPhone.Build.0 = Debug|Any CPU
		{453B182A-A11B-41B8-AB06-F90E5C0FD967}.Debug|iPhoneSimulator.ActiveCfg = Debug|Any CPU
		{453B182A-A11B-41B8-AB06-F90E5C0FD967}.Debug|iPhoneSimulator.Build.0 = Debug|Any CPU
		{453B182A-A11B-41B8-AB06-F90E5C0FD967}.Design|Any CPU.ActiveCfg = Design|Any CPU
		{453B182A-A11B-41B8-AB06-F90E5C0FD967}.Design|Any CPU.Build.0 = Design|Any CPU
		{453B182A-A11B-41B8-AB06-F90E5C0FD967}.Design|iPhone.ActiveCfg = Design|iPhone
		{453B182A-A11B-41B8-AB06-F90E5C0FD967}.Design|iPhone.Build.0 = Design|iPhone
		{453B182A-A11B-41B8-AB06-F90E5C0FD967}.Design|iPhoneSimulator.ActiveCfg = Design|iPhoneSimulator
		{453B182A-A11B-41B8-AB06-F90E5C0FD967}.Design|iPhoneSimulator.Build.0 = Design|iPhoneSimulator
		{453B182A-A11B-41B8-AB06-F90E5C0FD967}.Release|Any CPU.ActiveCfg = Release|Any CPU
		{453B182A-A11B-41B8-AB06-F90E5C0FD967}.Release|Any CPU.Build.0 = Release|Any CPU
		{453B182A-A11B-41B8-AB06-F90E5C0FD967}.Release|iPhone.ActiveCfg = Release|Any CPU
		{453B182A-A11B-41B8-AB06-F90E5C0FD967}.Release|iPhone.Build.0 = Release|Any CPU
		{453B182A-A11B-41B8-AB06-F90E5C0FD967}.Release|iPhoneSimulator.ActiveCfg = Release|Any CPU
		{453B182A-A11B-41B8-AB06-F90E5C0FD967}.Release|iPhoneSimulator.Build.0 = Release|Any CPU
		{718C682B-4B7B-4C12-A2DE-2E0406A6B91B}.Debug|Any CPU.ActiveCfg = Debug|Any CPU
		{718C682B-4B7B-4C12-A2DE-2E0406A6B91B}.Debug|Any CPU.Build.0 = Debug|Any CPU
		{718C682B-4B7B-4C12-A2DE-2E0406A6B91B}.Debug|iPhone.ActiveCfg = Debug|Any CPU
		{718C682B-4B7B-4C12-A2DE-2E0406A6B91B}.Debug|iPhone.Build.0 = Debug|Any CPU
		{718C682B-4B7B-4C12-A2DE-2E0406A6B91B}.Debug|iPhoneSimulator.ActiveCfg = Debug|Any CPU
		{718C682B-4B7B-4C12-A2DE-2E0406A6B91B}.Debug|iPhoneSimulator.Build.0 = Debug|Any CPU
		{718C682B-4B7B-4C12-A2DE-2E0406A6B91B}.Design|Any CPU.ActiveCfg = Design|Any CPU
		{718C682B-4B7B-4C12-A2DE-2E0406A6B91B}.Design|Any CPU.Build.0 = Design|Any CPU
		{718C682B-4B7B-4C12-A2DE-2E0406A6B91B}.Design|iPhone.ActiveCfg = Design|iPhone
		{718C682B-4B7B-4C12-A2DE-2E0406A6B91B}.Design|iPhone.Build.0 = Design|iPhone
		{718C682B-4B7B-4C12-A2DE-2E0406A6B91B}.Design|iPhoneSimulator.ActiveCfg = Design|iPhoneSimulator
		{718C682B-4B7B-4C12-A2DE-2E0406A6B91B}.Design|iPhoneSimulator.Build.0 = Design|iPhoneSimulator
		{718C682B-4B7B-4C12-A2DE-2E0406A6B91B}.Release|Any CPU.ActiveCfg = Release|Any CPU
		{718C682B-4B7B-4C12-A2DE-2E0406A6B91B}.Release|Any CPU.Build.0 = Release|Any CPU
		{718C682B-4B7B-4C12-A2DE-2E0406A6B91B}.Release|iPhone.ActiveCfg = Release|Any CPU
		{718C682B-4B7B-4C12-A2DE-2E0406A6B91B}.Release|iPhone.Build.0 = Release|Any CPU
		{718C682B-4B7B-4C12-A2DE-2E0406A6B91B}.Release|iPhoneSimulator.ActiveCfg = Release|Any CPU
		{718C682B-4B7B-4C12-A2DE-2E0406A6B91B}.Release|iPhoneSimulator.Build.0 = Release|Any CPU
		{CB4B996F-004D-4985-BEE0-2C79FD702D49}.Debug|Any CPU.ActiveCfg = Debug|iPhoneSimulator
		{CB4B996F-004D-4985-BEE0-2C79FD702D49}.Debug|Any CPU.Build.0 = Debug|iPhoneSimulator
		{CB4B996F-004D-4985-BEE0-2C79FD702D49}.Debug|iPhone.ActiveCfg = Debug|iPhone
		{CB4B996F-004D-4985-BEE0-2C79FD702D49}.Debug|iPhone.Build.0 = Debug|iPhone
		{CB4B996F-004D-4985-BEE0-2C79FD702D49}.Debug|iPhoneSimulator.ActiveCfg = Debug|iPhoneSimulator
		{CB4B996F-004D-4985-BEE0-2C79FD702D49}.Debug|iPhoneSimulator.Build.0 = Debug|iPhoneSimulator
		{CB4B996F-004D-4985-BEE0-2C79FD702D49}.Design|Any CPU.ActiveCfg = Design|iPhoneSimulator
		{CB4B996F-004D-4985-BEE0-2C79FD702D49}.Design|iPhone.ActiveCfg = Design|iPhone
		{CB4B996F-004D-4985-BEE0-2C79FD702D49}.Design|iPhone.Build.0 = Design|iPhone
		{CB4B996F-004D-4985-BEE0-2C79FD702D49}.Design|iPhoneSimulator.ActiveCfg = Design|iPhoneSimulator
		{CB4B996F-004D-4985-BEE0-2C79FD702D49}.Design|iPhoneSimulator.Build.0 = Design|iPhoneSimulator
		{CB4B996F-004D-4985-BEE0-2C79FD702D49}.Release|Any CPU.ActiveCfg = Release|iPhone
		{CB4B996F-004D-4985-BEE0-2C79FD702D49}.Release|Any CPU.Build.0 = Release|iPhone
		{CB4B996F-004D-4985-BEE0-2C79FD702D49}.Release|iPhone.ActiveCfg = Release|iPhone
		{CB4B996F-004D-4985-BEE0-2C79FD702D49}.Release|iPhone.Build.0 = Release|iPhone
		{CB4B996F-004D-4985-BEE0-2C79FD702D49}.Release|iPhoneSimulator.ActiveCfg = Release|iPhoneSimulator
		{CB4B996F-004D-4985-BEE0-2C79FD702D49}.Release|iPhoneSimulator.Build.0 = Release|iPhoneSimulator
		{D7DB030E-E539-4F9A-8AE9-0D167634E4BA}.Debug|Any CPU.ActiveCfg = Debug|Any CPU
		{D7DB030E-E539-4F9A-8AE9-0D167634E4BA}.Debug|Any CPU.Build.0 = Debug|Any CPU
		{D7DB030E-E539-4F9A-8AE9-0D167634E4BA}.Debug|iPhone.ActiveCfg = Debug|Any CPU
		{D7DB030E-E539-4F9A-8AE9-0D167634E4BA}.Debug|iPhone.Build.0 = Debug|Any CPU
		{D7DB030E-E539-4F9A-8AE9-0D167634E4BA}.Debug|iPhoneSimulator.ActiveCfg = Debug|Any CPU
		{D7DB030E-E539-4F9A-8AE9-0D167634E4BA}.Debug|iPhoneSimulator.Build.0 = Debug|Any CPU
		{D7DB030E-E539-4F9A-8AE9-0D167634E4BA}.Design|Any CPU.ActiveCfg = Design|Any CPU
		{D7DB030E-E539-4F9A-8AE9-0D167634E4BA}.Design|Any CPU.Build.0 = Design|Any CPU
		{D7DB030E-E539-4F9A-8AE9-0D167634E4BA}.Design|iPhone.ActiveCfg = Design|iPhone
		{D7DB030E-E539-4F9A-8AE9-0D167634E4BA}.Design|iPhone.Build.0 = Design|iPhone
		{D7DB030E-E539-4F9A-8AE9-0D167634E4BA}.Design|iPhoneSimulator.ActiveCfg = Design|iPhoneSimulator
		{D7DB030E-E539-4F9A-8AE9-0D167634E4BA}.Design|iPhoneSimulator.Build.0 = Design|iPhoneSimulator
		{D7DB030E-E539-4F9A-8AE9-0D167634E4BA}.Release|Any CPU.ActiveCfg = Release|Any CPU
		{D7DB030E-E539-4F9A-8AE9-0D167634E4BA}.Release|Any CPU.Build.0 = Release|Any CPU
		{D7DB030E-E539-4F9A-8AE9-0D167634E4BA}.Release|iPhone.ActiveCfg = Release|Any CPU
		{D7DB030E-E539-4F9A-8AE9-0D167634E4BA}.Release|iPhone.Build.0 = Release|Any CPU
		{D7DB030E-E539-4F9A-8AE9-0D167634E4BA}.Release|iPhoneSimulator.ActiveCfg = Release|Any CPU
		{D7DB030E-E539-4F9A-8AE9-0D167634E4BA}.Release|iPhoneSimulator.Build.0 = Release|Any CPU
		{2E135E3C-E516-45C5-91F2-F42B13EF0F5F}.Debug|Any CPU.ActiveCfg = Debug|Any CPU
		{2E135E3C-E516-45C5-91F2-F42B13EF0F5F}.Debug|Any CPU.Build.0 = Debug|Any CPU
		{2E135E3C-E516-45C5-91F2-F42B13EF0F5F}.Debug|iPhone.ActiveCfg = Debug|Any CPU
		{2E135E3C-E516-45C5-91F2-F42B13EF0F5F}.Debug|iPhone.Build.0 = Debug|Any CPU
		{2E135E3C-E516-45C5-91F2-F42B13EF0F5F}.Debug|iPhoneSimulator.ActiveCfg = Debug|Any CPU
		{2E135E3C-E516-45C5-91F2-F42B13EF0F5F}.Debug|iPhoneSimulator.Build.0 = Debug|Any CPU
		{2E135E3C-E516-45C5-91F2-F42B13EF0F5F}.Design|Any CPU.ActiveCfg = Design|Any CPU
		{2E135E3C-E516-45C5-91F2-F42B13EF0F5F}.Design|Any CPU.Build.0 = Design|Any CPU
		{2E135E3C-E516-45C5-91F2-F42B13EF0F5F}.Design|iPhone.ActiveCfg = Design|iPhone
		{2E135E3C-E516-45C5-91F2-F42B13EF0F5F}.Design|iPhone.Build.0 = Design|iPhone
		{2E135E3C-E516-45C5-91F2-F42B13EF0F5F}.Design|iPhoneSimulator.ActiveCfg = Design|iPhoneSimulator
		{2E135E3C-E516-45C5-91F2-F42B13EF0F5F}.Design|iPhoneSimulator.Build.0 = Design|iPhoneSimulator
		{2E135E3C-E516-45C5-91F2-F42B13EF0F5F}.Release|Any CPU.ActiveCfg = Release|Any CPU
		{2E135E3C-E516-45C5-91F2-F42B13EF0F5F}.Release|Any CPU.Build.0 = Release|Any CPU
		{2E135E3C-E516-45C5-91F2-F42B13EF0F5F}.Release|iPhone.ActiveCfg = Release|Any CPU
		{2E135E3C-E516-45C5-91F2-F42B13EF0F5F}.Release|iPhone.Build.0 = Release|Any CPU
		{2E135E3C-E516-45C5-91F2-F42B13EF0F5F}.Release|iPhoneSimulator.ActiveCfg = Release|Any CPU
		{2E135E3C-E516-45C5-91F2-F42B13EF0F5F}.Release|iPhoneSimulator.Build.0 = Release|Any CPU
		{B73A9C90-1DF1-49FA-9DCE-331DB24FA383}.Debug|Any CPU.ActiveCfg = Debug|Any CPU
		{B73A9C90-1DF1-49FA-9DCE-331DB24FA383}.Debug|Any CPU.Build.0 = Debug|Any CPU
		{B73A9C90-1DF1-49FA-9DCE-331DB24FA383}.Debug|iPhone.ActiveCfg = Debug|Any CPU
		{B73A9C90-1DF1-49FA-9DCE-331DB24FA383}.Debug|iPhone.Build.0 = Debug|Any CPU
		{B73A9C90-1DF1-49FA-9DCE-331DB24FA383}.Debug|iPhoneSimulator.ActiveCfg = Debug|Any CPU
		{B73A9C90-1DF1-49FA-9DCE-331DB24FA383}.Debug|iPhoneSimulator.Build.0 = Debug|Any CPU
		{B73A9C90-1DF1-49FA-9DCE-331DB24FA383}.Design|Any CPU.ActiveCfg = Design|Any CPU
		{B73A9C90-1DF1-49FA-9DCE-331DB24FA383}.Design|Any CPU.Build.0 = Design|Any CPU
		{B73A9C90-1DF1-49FA-9DCE-331DB24FA383}.Design|iPhone.ActiveCfg = Design|iPhone
		{B73A9C90-1DF1-49FA-9DCE-331DB24FA383}.Design|iPhone.Build.0 = Design|iPhone
		{B73A9C90-1DF1-49FA-9DCE-331DB24FA383}.Design|iPhoneSimulator.ActiveCfg = Design|iPhoneSimulator
		{B73A9C90-1DF1-49FA-9DCE-331DB24FA383}.Design|iPhoneSimulator.Build.0 = Design|iPhoneSimulator
		{B73A9C90-1DF1-49FA-9DCE-331DB24FA383}.Release|Any CPU.ActiveCfg = Release|Any CPU
		{B73A9C90-1DF1-49FA-9DCE-331DB24FA383}.Release|Any CPU.Build.0 = Release|Any CPU
		{B73A9C90-1DF1-49FA-9DCE-331DB24FA383}.Release|iPhone.ActiveCfg = Release|Any CPU
		{B73A9C90-1DF1-49FA-9DCE-331DB24FA383}.Release|iPhone.Build.0 = Release|Any CPU
		{B73A9C90-1DF1-49FA-9DCE-331DB24FA383}.Release|iPhoneSimulator.ActiveCfg = Release|Any CPU
		{B73A9C90-1DF1-49FA-9DCE-331DB24FA383}.Release|iPhoneSimulator.Build.0 = Release|Any CPU
	EndGlobalSection
	GlobalSection(SolutionProperties) = preSolution
		HideSolutionNode = FALSE
	EndGlobalSection
	GlobalSection(NestedProjects) = preSolution
		{453B182A-A11B-41B8-AB06-F90E5C0FD967} = {FF5E6CDC-52FB-4960-A978-9D982F40730D}
		{2E135E3C-E516-45C5-91F2-F42B13EF0F5F} = {FF5E6CDC-52FB-4960-A978-9D982F40730D}
		{B73A9C90-1DF1-49FA-9DCE-331DB24FA383} = {FF5E6CDC-52FB-4960-A978-9D982F40730D}
	EndGlobalSection
EndGlobal
